
Microsoft Visual Studio Solution File, Format Version 12.00
# Visual Studio Version 17
VisualStudioVersion = 17.7.34024.191
MinimumVisualStudioVersion = 10.0.40219.1
Project("{FAE04EC0-301F-11D3-BF4B-00C04F79EFBC}") = "ConsoleAppCRUD", "ConsoleAppCRUD.csproj", "{BCAFDD20-916E-419D-A4DA-0CB7720B26A1}"
EndProject
Project("{FAE04EC0-301F-11D3-BF4B-00C04F79EFBC}") = "CRUDService", "..\CRUDService\CRUDService.csproj", "{68C05DAE-0924-4973-B2FA-AB68E1B8045A}"
EndProject
Global
	GlobalSection(SolutionConfigurationPlatforms) = preSolution
		Debug|Any CPU = Debug|Any CPU
		Release|Any CPU = Release|Any CPU
	EndGlobalSection
	GlobalSection(ProjectConfigurationPlatforms) = postSolution
		{BCAFDD20-916E-419D-A4DA-0CB7720B26A1}.Debug|Any CPU.ActiveCfg = Debug|Any CPU
		{BCAFDD20-916E-419D-A4DA-0CB7720B26A1}.Debug|Any CPU.Build.0 = Debug|Any CPU
		{BCAFDD20-916E-419D-A4DA-0CB7720B26A1}.Release|Any CPU.ActiveCfg = Release|Any CPU
		{BCAFDD20-916E-419D-A4DA-0CB7720B26A1}.Release|Any CPU.Build.0 = Release|Any CPU
		{68C05DAE-0924-4973-B2FA-AB68E1B8045A}.Debug|Any CPU.ActiveCfg = Debug|Any CPU
		{68C05DAE-0924-4973-B2FA-AB68E1B8045A}.Debug|Any CPU.Build.0 = Debug|Any CPU
		{68C05DAE-0924-4973-B2FA-AB68E1B8045A}.Release|Any CPU.ActiveCfg = Release|Any CPU
		{68C05DAE-0924-4973-B2FA-AB68E1B8045A}.Release|Any CPU.Build.0 = Release|Any CPU
	EndGlobalSection
	GlobalSection(SolutionProperties) = preSolution
		HideSolutionNode = FALSE
	EndGlobalSection
	GlobalSection(ExtensibilityGlobals) = postSolution
		SolutionGuid = {B0290579-482E-4E4C-BCE1-6F3AEE98F2BB}
	EndGlobalSection
EndGlobal
